
Microsoft Visual Studio Solution File, Format Version 11.00
# Visual Studio 2010
Project("{FAE04EC0-301F-11D3-BF4B-00C04F79EFBC}") = "NN", "NN.csproj", "{4EEB6C2A-A2B6-4CEA-8771-344CE789A1E3}"
EndProject
Global
	GlobalSection(SolutionConfigurationPlatforms) = preSolution
		Debug|Any CPU = Debug|Any CPU
		Release|Any CPU = Release|Any CPU
	EndGlobalSection
	GlobalSection(ProjectConfigurationPlatforms) = postSolution
		{4EEB6C2A-A2B6-4CEA-8771-344CE789A1E3}.Debug|Any CPU.ActiveCfg = Debug|Any CPU
		{4EEB6C2A-A2B6-4CEA-8771-344CE789A1E3}.Debug|Any CPU.Build.0 = Debug|Any CPU
		{4EEB6C2A-A2B6-4CEA-8771-344CE789A1E3}.Release|Any CPU.ActiveCfg = Release|Any CPU
		{4EEB6C2A-A2B6-4CEA-8771-344CE789A1E3}.Release|Any CPU.Build.0 = Release|Any CPU
	EndGlobalSection
	GlobalSection(SolutionProperties) = preSolution
		HideSolutionNode = FALSE
	EndGlobalSection
EndGlobal
